
Microsoft Visual Studio Solution File, Format Version 12.00
# Visual Studio Version 17
VisualStudioVersion = 17.0.32112.339
MinimumVisualStudioVersion = 10.0.40219.1
Project("{FAE04EC0-301F-11D3-BF4B-00C04F79EFBC}") = "MVCProject", "MVCProject\MVCProject.csproj", "{473EFB58-2C47-423D-B53E-7DF3931654FC}"
EndProject
Global
	GlobalSection(SolutionConfigurationPlatforms) = preSolution
		Debug|Any CPU = Debug|Any CPU
		Release|Any CPU = Release|Any CPU
	EndGlobalSection
	GlobalSection(ProjectConfigurationPlatforms) = postSolution
		{473EFB58-2C47-423D-B53E-7DF3931654FC}.Debug|Any CPU.ActiveCfg = Debug|Any CPU
		{473EFB58-2C47-423D-B53E-7DF3931654FC}.Debug|Any CPU.Build.0 = Debug|Any CPU
		{473EFB58-2C47-423D-B53E-7DF3931654FC}.Release|Any CPU.ActiveCfg = Release|Any CPU
		{473EFB58-2C47-423D-B53E-7DF3931654FC}.Release|Any CPU.Build.0 = Release|Any CPU
	EndGlobalSection
	GlobalSection(SolutionProperties) = preSolution
		HideSolutionNode = FALSE
	EndGlobalSection
	GlobalSection(ExtensibilityGlobals) = postSolution
		SolutionGuid = {089696C2-087D-45FB-8878-37315112B4D3}
	EndGlobalSection
EndGlobal
